{
  "version": 4,
  "terraform_version": "1.11.3",
  "serial": 28,
  "lineage": "9dd4af5a-ec69-1c95-29bf-2dd07cd9f81a",
  "outputs": {},
  "resources": [
    {
      "mode": "managed",
      "type": "azurerm_resource_group",
      "name": "rg1",
      "provider": "provider[\"registry.terraform.io/hashicorp/azurerm\"]",
      "instances": [
        {
          "schema_version": 0,
          "attributes": {
            "id": "/subscriptions/25ea8c86-92b5-47c3-8f1b-a41daa3019ab/resourceGroups/terraform-rg1",
            "location": "centralindia",
            "name": "terraform-rg1",
            "tags": {
              "cost_center": "paisa wala",
              "environment": "test",
              "owner": "peter bhau"
            },
            "timeouts": null
          },
          "sensitive_attributes": [],
          "private": "eyJlMmJmYjczMC1lY2FhLTExZTYtOGY4OC0zNDM2M2JjN2M0YzAiOnsiY3JlYXRlIjo1NDAwMDAwMDAwMDAwLCJkZWxldGUiOjU0MDAwMDAwMDAwMDAsInJlYWQiOjMwMDAwMDAwMDAwMCwidXBkYXRlIjo1NDAwMDAwMDAwMDAwfX0="
        }
      ]
    },
    {
      "mode": "managed",
      "type": "azurerm_resource_group",
      "name": "rg2",
      "provider": "provider[\"registry.terraform.io/hashicorp/azurerm\"]",
      "instances": [
        {
          "schema_version": 0,
          "attributes": {
            "id": "/subscriptions/25ea8c86-92b5-47c3-8f1b-a41daa3019ab/resourceGroups/terraform-rg2",
            "location": "centralindia",
            "name": "terraform-rg2",
            "tags": {
              "cost_center": "paisa wala",
              "environment": "test",
              "owner": "peter bhau"
            },
            "timeouts": null
          },
          "sensitive_attributes": [],
          "private": "eyJlMmJmYjczMC1lY2FhLTExZTYtOGY4OC0zNDM2M2JjN2M0YzAiOnsiY3JlYXRlIjo1NDAwMDAwMDAwMDAwLCJkZWxldGUiOjU0MDAwMDAwMDAwMDAsInJlYWQiOjMwMDAwMDAwMDAwMCwidXBkYXRlIjo1NDAwMDAwMDAwMDAwfX0="
        }
      ]
    },
    {
      "mode": "managed",
      "type": "azurerm_resource_group",
      "name": "rg3",
      "provider": "provider[\"registry.terraform.io/hashicorp/azurerm\"]",
      "instances": [
        {
          "schema_version": 0,
          "attributes": {
            "id": "/subscriptions/25ea8c86-92b5-47c3-8f1b-a41daa3019ab/resourceGroups/terraform-rg3",
            "location": "centralindia",
            "name": "terraform-rg3",
            "tags": {
              "cost_center": "paisa wala",
              "environment": "test",
              "owner": "peter bhau"
            },
            "timeouts": null
          },
          "sensitive_attributes": [],
          "private": "eyJlMmJmYjczMC1lY2FhLTExZTYtOGY4OC0zNDM2M2JjN2M0YzAiOnsiY3JlYXRlIjo1NDAwMDAwMDAwMDAwLCJkZWxldGUiOjU0MDAwMDAwMDAwMDAsInJlYWQiOjMwMDAwMDAwMDAwMCwidXBkYXRlIjo1NDAwMDAwMDAwMDAwfX0="
        }
      ]
    },
    {
      "mode": "managed",
      "type": "azurerm_storage_account",
      "name": "storageaccount",
      "provider": "provider[\"registry.terraform.io/hashicorp/azurerm\"]",
      "instances": [
        {
          "schema_version": 3,
          "attributes": {
            "access_tier": "Hot",
            "account_kind": "StorageV2",
            "account_replication_type": "LRS",
            "account_tier": "Standard",
            "allow_nested_items_to_be_public": true,
            "azure_files_authentication": [],
            "blob_properties": [
              {
                "change_feed_enabled": false,
                "container_delete_retention_policy": [],
                "cors_rule": [],
                "default_service_version": "",
                "delete_retention_policy": [],
                "last_access_time_enabled": false,
                "versioning_enabled": false
              }
            ],
            "custom_domain": [],
            "customer_managed_key": [],
            "edge_zone": "",
            "enable_https_traffic_only": true,
            "id": "/subscriptions/25ea8c86-92b5-47c3-8f1b-a41daa3019ab/resourceGroups/terraform-rg1/providers/Microsoft.Storage/storageAccounts/rackspacepetersa",
            "identity": [],
            "infrastructure_encryption_enabled": false,
            "is_hns_enabled": false,
            "large_file_share_enabled": null,
            "location": "centralindia",
            "min_tls_version": "TLS1_2",
            "name": "rackspacepetersa",
            "network_rules": [
              {
                "bypass": [
                  "AzureServices"
                ],
                "default_action": "Allow",
                "ip_rules": [],
                "private_link_access": [],
                "virtual_network_subnet_ids": []
              }
            ],
            "nfsv3_enabled": false,
            "primary_access_key": "2zCbkWjUDwZ06Xq8E+ACfheGuYO+CxMQQyHAmXq/K5Sq9tBEcUVa3Im9xGbdoTbJOgng9g+eubGa+AStoOTLkQ==",
            "primary_blob_connection_string": "DefaultEndpointsProtocol=https;BlobEndpoint=https://rackspacepetersa.blob.core.windows.net/;AccountName=rackspacepetersa;AccountKey=2zCbkWjUDwZ06Xq8E+ACfheGuYO+CxMQQyHAmXq/K5Sq9tBEcUVa3Im9xGbdoTbJOgng9g+eubGa+AStoOTLkQ==",
            "primary_blob_endpoint": "https://rackspacepetersa.blob.core.windows.net/",
            "primary_blob_host": "rackspacepetersa.blob.core.windows.net",
            "primary_connection_string": "DefaultEndpointsProtocol=https;AccountName=rackspacepetersa;AccountKey=2zCbkWjUDwZ06Xq8E+ACfheGuYO+CxMQQyHAmXq/K5Sq9tBEcUVa3Im9xGbdoTbJOgng9g+eubGa+AStoOTLkQ==;EndpointSuffix=core.windows.net",
            "primary_dfs_endpoint": "https://rackspacepetersa.dfs.core.windows.net/",
            "primary_dfs_host": "rackspacepetersa.dfs.core.windows.net",
            "primary_file_endpoint": "https://rackspacepetersa.file.core.windows.net/",
            "primary_file_host": "rackspacepetersa.file.core.windows.net",
            "primary_location": "centralindia",
            "primary_queue_endpoint": "https://rackspacepetersa.queue.core.windows.net/",
            "primary_queue_host": "rackspacepetersa.queue.core.windows.net",
            "primary_table_endpoint": "https://rackspacepetersa.table.core.windows.net/",
            "primary_table_host": "rackspacepetersa.table.core.windows.net",
            "primary_web_endpoint": "https://rackspacepetersa.z29.web.core.windows.net/",
            "primary_web_host": "rackspacepetersa.z29.web.core.windows.net",
            "queue_encryption_key_type": "Service",
            "queue_properties": [
              {
                "cors_rule": [],
                "hour_metrics": [
                  {
                    "enabled": false,
                    "include_apis": false,
                    "retention_policy_days": 0,
                    "version": "1.0"
                  }
                ],
                "logging": [
                  {
                    "delete": false,
                    "read": false,
                    "retention_policy_days": 0,
                    "version": "1.0",
                    "write": false
                  }
                ],
                "minute_metrics": [
                  {
                    "enabled": false,
                    "include_apis": false,
                    "retention_policy_days": 0,
                    "version": "1.0"
                  }
                ]
              }
            ],
            "resource_group_name": "terraform-rg1",
            "routing": [],
            "secondary_access_key": "/zpELXz6Y2/i/XrbFhItMYpXx3Tg65RJEP8ZEkp0QIF09xMLagb5kRXp46C4rDDb5A0AshPnNnMz+ASteRmONA==",
            "secondary_blob_connection_string": "",
            "secondary_blob_endpoint": null,
            "secondary_blob_host": null,
            "secondary_connection_string": "DefaultEndpointsProtocol=https;AccountName=rackspacepetersa;AccountKey=/zpELXz6Y2/i/XrbFhItMYpXx3Tg65RJEP8ZEkp0QIF09xMLagb5kRXp46C4rDDb5A0AshPnNnMz+ASteRmONA==;EndpointSuffix=core.windows.net",
            "secondary_dfs_endpoint": null,
            "secondary_dfs_host": null,
            "secondary_file_endpoint": null,
            "secondary_file_host": null,
            "secondary_location": "",
            "secondary_queue_endpoint": null,
            "secondary_queue_host": null,
            "secondary_table_endpoint": null,
            "secondary_table_host": null,
            "secondary_web_endpoint": null,
            "secondary_web_host": null,
            "share_properties": [
              {
                "cors_rule": [],
                "retention_policy": [
                  {
                    "days": 7
                  }
                ],
                "smb": []
              }
            ],
            "shared_access_key_enabled": true,
            "static_website": [],
            "table_encryption_key_type": "Service",
            "tags": {
              "cost_center": "paisa wala",
              "environment": "test",
              "owner": "peter bhau"
            },
            "timeouts": null
          },
          "sensitive_attributes": [
            [
              {
                "type": "get_attr",
                "value": "primary_access_key"
              }
            ],
            [
              {
                "type": "get_attr",
                "value": "secondary_blob_connection_string"
              }
            ],
            [
              {
                "type": "get_attr",
                "value": "secondary_connection_string"
              }
            ],
            [
              {
                "type": "get_attr",
                "value": "secondary_access_key"
              }
            ],
            [
              {
                "type": "get_attr",
                "value": "primary_blob_connection_string"
              }
            ],
            [
              {
                "type": "get_attr",
                "value": "primary_connection_string"
              }
            ]
          ],
          "private": "eyJlMmJmYjczMC1lY2FhLTExZTYtOGY4OC0zNDM2M2JjN2M0YzAiOnsiY3JlYXRlIjozNjAwMDAwMDAwMDAwLCJkZWxldGUiOjM2MDAwMDAwMDAwMDAsInJlYWQiOjMwMDAwMDAwMDAwMCwidXBkYXRlIjozNjAwMDAwMDAwMDAwfSwic2NoZW1hX3ZlcnNpb24iOiIzIn0=",
          "dependencies": [
            "azurerm_resource_group.rg1"
          ]
        }
      ]
    },
    {
      "mode": "managed",
      "type": "azurerm_storage_blob",
      "name": "peter_blob",
      "provider": "provider[\"registry.terraform.io/hashicorp/azurerm\"]",
      "instances": [
        {
          "schema_version": 1,
          "attributes": {
            "access_tier": "Hot",
            "cache_control": "",
            "content_md5": "",
            "content_type": "application/octet-stream",
            "id": "https://rackspacepetersa.blob.core.windows.net/rackspacecontainer/test_image.jpg",
            "metadata": {},
            "name": "test_image.jpg",
            "parallelism": 8,
            "size": 0,
            "source": "test_image.jpg",
            "source_content": null,
            "source_uri": null,
            "storage_account_name": "rackspacepetersa",
            "storage_container_name": "rackspacecontainer",
            "timeouts": null,
            "type": "Block",
            "url": "https://rackspacepetersa.blob.core.windows.net/rackspacecontainer/test_image.jpg"
          },
          "sensitive_attributes": [],
          "private": "eyJlMmJmYjczMC1lY2FhLTExZTYtOGY4OC0zNDM2M2JjN2M0YzAiOnsiY3JlYXRlIjoxODAwMDAwMDAwMDAwLCJkZWxldGUiOjE4MDAwMDAwMDAwMDAsInJlYWQiOjMwMDAwMDAwMDAwMCwidXBkYXRlIjoxODAwMDAwMDAwMDAwfSwic2NoZW1hX3ZlcnNpb24iOiIxIn0=",
          "dependencies": [
            "azurerm_resource_group.rg1",
            "azurerm_storage_account.storageaccount",
            "azurerm_storage_container.sa_container"
          ]
        }
      ]
    },
    {
      "mode": "managed",
      "type": "azurerm_storage_container",
      "name": "sa_container",
      "provider": "provider[\"registry.terraform.io/hashicorp/azurerm\"]",
      "instances": [
        {
          "schema_version": 1,
          "attributes": {
            "container_access_type": "private",
            "has_immutability_policy": false,
            "has_legal_hold": false,
            "id": "https://rackspacepetersa.blob.core.windows.net/rackspacecontainer",
            "metadata": {},
            "name": "rackspacecontainer",
            "resource_manager_id": "/subscriptions/25ea8c86-92b5-47c3-8f1b-a41daa3019ab/resourceGroups/terraform-rg1/providers/Microsoft.Storage/storageAccounts/rackspacepetersa/blobServices/default/containers/rackspacecontainer",
            "storage_account_name": "rackspacepetersa",
            "timeouts": null
          },
          "sensitive_attributes": [],
          "private": "eyJlMmJmYjczMC1lY2FhLTExZTYtOGY4OC0zNDM2M2JjN2M0YzAiOnsiY3JlYXRlIjoxODAwMDAwMDAwMDAwLCJkZWxldGUiOjE4MDAwMDAwMDAwMDAsInJlYWQiOjMwMDAwMDAwMDAwMCwidXBkYXRlIjoxODAwMDAwMDAwMDAwfSwic2NoZW1hX3ZlcnNpb24iOiIxIn0=",
          "dependencies": [
            "azurerm_resource_group.rg1",
            "azurerm_storage_account.storageaccount"
          ]
        }
      ]
    }
  ],
  "check_results": null
}
