{
  "version": 4,
  "terraform_version": "1.11.3",
  "serial": 14,
  "lineage": "7663fc5a-d661-ebc3-7236-5ca5b2e00ff9",
  "outputs": {},
  "resources": [
    {
      "mode": "managed",
      "type": "azurerm_linux_virtual_machine",
      "name": "ironman_vm",
      "provider": "provider[\"registry.terraform.io/hashicorp/azurerm\"]",
      "instances": [
        {
          "schema_version": 0,
          "attributes": {
            "additional_capabilities": [],
            "admin_password": "Ms.Potts",
            "admin_ssh_key": [],
            "admin_username": "tonystark",
            "allow_extension_operations": true,
            "availability_set_id": "",
            "boot_diagnostics": [],
            "computer_name": "ironman-vm",
            "custom_data": null,
            "dedicated_host_group_id": "",
            "dedicated_host_id": "",
            "disable_password_authentication": false,
            "edge_zone": "",
            "encryption_at_host_enabled": false,
            "eviction_policy": "",
            "extensions_time_budget": "PT1H30M",
            "id": "/subscriptions/25ea8c86-92b5-47c3-8f1b-a41daa3019ab/resourceGroups/avengers-resources/providers/Microsoft.Compute/virtualMachines/ironman-vm",
            "identity": [],
            "license_type": "",
            "location": "eastus",
            "max_bid_price": -1,
            "name": "ironman-vm",
            "network_interface_ids": [
              "/subscriptions/25ea8c86-92b5-47c3-8f1b-a41daa3019ab/resourceGroups/avengers-resources/providers/Microsoft.Network/networkInterfaces/hulk-nic"
            ],
            "os_disk": [
              {
                "caching": "ReadWrite",
                "diff_disk_settings": [],
                "disk_encryption_set_id": "",
                "disk_size_gb": 30,
                "name": "ironman-vm_disk1_9513f24974ac46c2abb4c611c0473127",
                "storage_account_type": "Standard_LRS",
                "write_accelerator_enabled": false
              }
            ],
            "patch_mode": "ImageDefault",
            "plan": [],
            "platform_fault_domain": -1,
            "priority": "Regular",
            "private_ip_address": "10.0.1.4",
            "private_ip_addresses": [
              "10.0.1.4"
            ],
            "provision_vm_agent": true,
            "proximity_placement_group_id": "",
            "public_ip_address": "172.191.101.207",
            "public_ip_addresses": [
              "172.191.101.207"
            ],
            "resource_group_name": "avengers-resources",
            "secret": [],
            "secure_boot_enabled": false,
            "size": "Standard_B1s",
            "source_image_id": "",
            "source_image_reference": [
              {
                "offer": "UbuntuServer",
                "publisher": "Canonical",
                "sku": "18.04-LTS",
                "version": "latest"
              }
            ],
            "tags": {},
            "termination_notification": [],
            "timeouts": null,
            "user_data": "",
            "virtual_machine_id": "ed588be6-d760-4536-8d89-05e623f15f6b",
            "virtual_machine_scale_set_id": "",
            "vtpm_enabled": false,
            "zone": ""
          },
          "sensitive_attributes": [
            [
              {
                "type": "get_attr",
                "value": "custom_data"
              }
            ],
            [
              {
                "type": "get_attr",
                "value": "admin_password"
              }
            ]
          ],
          "private": "eyJlMmJmYjczMC1lY2FhLTExZTYtOGY4OC0zNDM2M2JjN2M0YzAiOnsiY3JlYXRlIjoyNzAwMDAwMDAwMDAwLCJkZWxldGUiOjI3MDAwMDAwMDAwMDAsInJlYWQiOjMwMDAwMDAwMDAwMCwidXBkYXRlIjoyNzAwMDAwMDAwMDAwfX0=",
          "dependencies": [
            "azurerm_network_interface.hulk_nic",
            "azurerm_public_ip.thor_pip",
            "azurerm_resource_group.avengers_group",
            "azurerm_subnet.stark_subnet",
            "azurerm_virtual_network.shield_vnet"
          ]
        }
      ]
    },
    {
      "mode": "managed",
      "type": "azurerm_network_interface",
      "name": "hulk_nic",
      "provider": "provider[\"registry.terraform.io/hashicorp/azurerm\"]",
      "instances": [
        {
          "schema_version": 0,
          "attributes": {
            "applied_dns_servers": [],
            "dns_servers": [],
            "edge_zone": "",
            "enable_accelerated_networking": false,
            "enable_ip_forwarding": false,
            "id": "/subscriptions/25ea8c86-92b5-47c3-8f1b-a41daa3019ab/resourceGroups/avengers-resources/providers/Microsoft.Network/networkInterfaces/hulk-nic",
            "internal_dns_name_label": "",
            "internal_domain_name_suffix": "43sw5w3atmguzogkbihtnj4pxa.bx.internal.cloudapp.net",
            "ip_configuration": [
              {
                "gateway_load_balancer_frontend_ip_configuration_id": "",
                "name": "hulk-ip-config",
                "primary": true,
                "private_ip_address": "10.0.1.4",
                "private_ip_address_allocation": "Dynamic",
                "private_ip_address_version": "IPv4",
                "public_ip_address_id": "/subscriptions/25ea8c86-92b5-47c3-8f1b-a41daa3019ab/resourceGroups/avengers-resources/providers/Microsoft.Network/publicIPAddresses/thor-pip",
                "subnet_id": "/subscriptions/25ea8c86-92b5-47c3-8f1b-a41daa3019ab/resourceGroups/avengers-resources/providers/Microsoft.Network/virtualNetworks/shield-vnet/subnets/stark-subnet"
              }
            ],
            "location": "eastus",
            "mac_address": "7C-1E-52-82-6B-C1",
            "name": "hulk-nic",
            "private_ip_address": "10.0.1.4",
            "private_ip_addresses": [
              "10.0.1.4"
            ],
            "resource_group_name": "avengers-resources",
            "tags": {},
            "timeouts": null,
            "virtual_machine_id": "/subscriptions/25ea8c86-92b5-47c3-8f1b-a41daa3019ab/resourceGroups/avengers-resources/providers/Microsoft.Compute/virtualMachines/ironman-vm"
          },
          "sensitive_attributes": [],
          "private": "eyJlMmJmYjczMC1lY2FhLTExZTYtOGY4OC0zNDM2M2JjN2M0YzAiOnsiY3JlYXRlIjoxODAwMDAwMDAwMDAwLCJkZWxldGUiOjE4MDAwMDAwMDAwMDAsInJlYWQiOjMwMDAwMDAwMDAwMCwidXBkYXRlIjoxODAwMDAwMDAwMDAwfX0=",
          "dependencies": [
            "azurerm_public_ip.thor_pip",
            "azurerm_resource_group.avengers_group",
            "azurerm_subnet.stark_subnet",
            "azurerm_virtual_network.shield_vnet"
          ]
        }
      ]
    },
    {
      "mode": "managed",
      "type": "azurerm_network_security_group",
      "name": "avengers_nsg",
      "provider": "provider[\"registry.terraform.io/hashicorp/azurerm\"]",
      "instances": [
        {
          "schema_version": 0,
          "attributes": {
            "id": "/subscriptions/25ea8c86-92b5-47c3-8f1b-a41daa3019ab/resourceGroups/avengers-resources/providers/Microsoft.Network/networkSecurityGroups/avengers-nsg",
            "location": "eastus",
            "name": "avengers-nsg",
            "resource_group_name": "avengers-resources",
            "security_rule": [
              {
                "access": "Allow",
                "description": "",
                "destination_address_prefix": "*",
                "destination_address_prefixes": [],
                "destination_application_security_group_ids": [],
                "destination_port_range": "22",
                "destination_port_ranges": [],
                "direction": "Inbound",
                "name": "allow-ssh",
                "priority": 1000,
                "protocol": "Tcp",
                "source_address_prefix": "*",
                "source_address_prefixes": [],
                "source_application_security_group_ids": [],
                "source_port_range": "*",
                "source_port_ranges": []
              }
            ],
            "tags": null,
            "timeouts": null
          },
          "sensitive_attributes": [],
          "private": "eyJlMmJmYjczMC1lY2FhLTExZTYtOGY4OC0zNDM2M2JjN2M0YzAiOnsiY3JlYXRlIjoxODAwMDAwMDAwMDAwLCJkZWxldGUiOjE4MDAwMDAwMDAwMDAsInJlYWQiOjMwMDAwMDAwMDAwMCwidXBkYXRlIjoxODAwMDAwMDAwMDAwfX0=",
          "dependencies": [
            "azurerm_resource_group.avengers_group"
          ]
        }
      ]
    },
    {
      "mode": "managed",
      "type": "azurerm_public_ip",
      "name": "thor_pip",
      "provider": "provider[\"registry.terraform.io/hashicorp/azurerm\"]",
      "instances": [
        {
          "schema_version": 0,
          "attributes": {
            "allocation_method": "Dynamic",
            "domain_name_label": null,
            "edge_zone": "",
            "fqdn": null,
            "id": "/subscriptions/25ea8c86-92b5-47c3-8f1b-a41daa3019ab/resourceGroups/avengers-resources/providers/Microsoft.Network/publicIPAddresses/thor-pip",
            "idle_timeout_in_minutes": 4,
            "ip_address": "172.191.101.207",
            "ip_tags": {},
            "ip_version": "IPv4",
            "location": "eastus",
            "name": "thor-pip",
            "public_ip_prefix_id": null,
            "resource_group_name": "avengers-resources",
            "reverse_fqdn": null,
            "sku": "Basic",
            "sku_tier": "Regional",
            "tags": {},
            "timeouts": null,
            "zones": []
          },
          "sensitive_attributes": [],
          "private": "eyJlMmJmYjczMC1lY2FhLTExZTYtOGY4OC0zNDM2M2JjN2M0YzAiOnsiY3JlYXRlIjoxODAwMDAwMDAwMDAwLCJkZWxldGUiOjE4MDAwMDAwMDAwMDAsInJlYWQiOjMwMDAwMDAwMDAwMCwidXBkYXRlIjoxODAwMDAwMDAwMDAwfX0=",
          "dependencies": [
            "azurerm_resource_group.avengers_group"
          ]
        }
      ]
    },
    {
      "mode": "managed",
      "type": "azurerm_resource_group",
      "name": "avengers_group",
      "provider": "provider[\"registry.terraform.io/hashicorp/azurerm\"]",
      "instances": [
        {
          "schema_version": 0,
          "attributes": {
            "id": "/subscriptions/25ea8c86-92b5-47c3-8f1b-a41daa3019ab/resourceGroups/avengers-resources",
            "location": "eastus",
            "name": "avengers-resources",
            "tags": {},
            "timeouts": null
          },
          "sensitive_attributes": [],
          "private": "eyJlMmJmYjczMC1lY2FhLTExZTYtOGY4OC0zNDM2M2JjN2M0YzAiOnsiY3JlYXRlIjo1NDAwMDAwMDAwMDAwLCJkZWxldGUiOjU0MDAwMDAwMDAwMDAsInJlYWQiOjMwMDAwMDAwMDAwMCwidXBkYXRlIjo1NDAwMDAwMDAwMDAwfX0="
        }
      ]
    },
    {
      "mode": "managed",
      "type": "azurerm_subnet",
      "name": "stark_subnet",
      "provider": "provider[\"registry.terraform.io/hashicorp/azurerm\"]",
      "instances": [
        {
          "schema_version": 0,
          "attributes": {
            "address_prefixes": [
              "10.0.1.0/24"
            ],
            "delegation": [],
            "enforce_private_link_endpoint_network_policies": false,
            "enforce_private_link_service_network_policies": false,
            "id": "/subscriptions/25ea8c86-92b5-47c3-8f1b-a41daa3019ab/resourceGroups/avengers-resources/providers/Microsoft.Network/virtualNetworks/shield-vnet/subnets/stark-subnet",
            "name": "stark-subnet",
            "resource_group_name": "avengers-resources",
            "service_endpoint_policy_ids": [],
            "service_endpoints": [],
            "timeouts": null,
            "virtual_network_name": "shield-vnet"
          },
          "sensitive_attributes": [],
          "private": "eyJlMmJmYjczMC1lY2FhLTExZTYtOGY4OC0zNDM2M2JjN2M0YzAiOnsiY3JlYXRlIjoxODAwMDAwMDAwMDAwLCJkZWxldGUiOjE4MDAwMDAwMDAwMDAsInJlYWQiOjMwMDAwMDAwMDAwMCwidXBkYXRlIjoxODAwMDAwMDAwMDAwfX0=",
          "dependencies": [
            "azurerm_resource_group.avengers_group",
            "azurerm_virtual_network.shield_vnet"
          ]
        }
      ]
    },
    {
      "mode": "managed",
      "type": "azurerm_subnet_network_security_group_association",
      "name": "stark_subnet_nsg",
      "provider": "provider[\"registry.terraform.io/hashicorp/azurerm\"]",
      "instances": [
        {
          "schema_version": 0,
          "attributes": {
            "id": "/subscriptions/25ea8c86-92b5-47c3-8f1b-a41daa3019ab/resourceGroups/avengers-resources/providers/Microsoft.Network/virtualNetworks/shield-vnet/subnets/stark-subnet",
            "network_security_group_id": "/subscriptions/25ea8c86-92b5-47c3-8f1b-a41daa3019ab/resourceGroups/avengers-resources/providers/Microsoft.Network/networkSecurityGroups/avengers-nsg",
            "subnet_id": "/subscriptions/25ea8c86-92b5-47c3-8f1b-a41daa3019ab/resourceGroups/avengers-resources/providers/Microsoft.Network/virtualNetworks/shield-vnet/subnets/stark-subnet",
            "timeouts": null
          },
          "sensitive_attributes": [],
          "private": "eyJlMmJmYjczMC1lY2FhLTExZTYtOGY4OC0zNDM2M2JjN2M0YzAiOnsiY3JlYXRlIjoxODAwMDAwMDAwMDAwLCJkZWxldGUiOjE4MDAwMDAwMDAwMDAsInJlYWQiOjMwMDAwMDAwMDAwMCwidXBkYXRlIjoxODAwMDAwMDAwMDAwfX0=",
          "dependencies": [
            "azurerm_network_security_group.avengers_nsg",
            "azurerm_resource_group.avengers_group",
            "azurerm_subnet.stark_subnet",
            "azurerm_virtual_network.shield_vnet"
          ]
        }
      ]
    },
    {
      "mode": "managed",
      "type": "azurerm_virtual_network",
      "name": "shield_vnet",
      "provider": "provider[\"registry.terraform.io/hashicorp/azurerm\"]",
      "instances": [
        {
          "schema_version": 0,
          "attributes": {
            "address_space": [
              "10.0.0.0/16"
            ],
            "bgp_community": "",
            "ddos_protection_plan": [],
            "dns_servers": [],
            "edge_zone": "",
            "flow_timeout_in_minutes": 0,
            "guid": "db6f65f7-9ba0-4c0d-b8ca-0a0f36a7cfb8",
            "id": "/subscriptions/25ea8c86-92b5-47c3-8f1b-a41daa3019ab/resourceGroups/avengers-resources/providers/Microsoft.Network/virtualNetworks/shield-vnet",
            "location": "eastus",
            "name": "shield-vnet",
            "resource_group_name": "avengers-resources",
            "subnet": [
              {
                "address_prefix": "10.0.1.0/24",
                "id": "/subscriptions/25ea8c86-92b5-47c3-8f1b-a41daa3019ab/resourceGroups/avengers-resources/providers/Microsoft.Network/virtualNetworks/shield-vnet/subnets/stark-subnet",
                "name": "stark-subnet",
                "security_group": ""
              }
            ],
            "tags": {},
            "timeouts": null
          },
          "sensitive_attributes": [],
          "private": "eyJlMmJmYjczMC1lY2FhLTExZTYtOGY4OC0zNDM2M2JjN2M0YzAiOnsiY3JlYXRlIjoxODAwMDAwMDAwMDAwLCJkZWxldGUiOjE4MDAwMDAwMDAwMDAsInJlYWQiOjMwMDAwMDAwMDAwMCwidXBkYXRlIjoxODAwMDAwMDAwMDAwfX0=",
          "dependencies": [
            "azurerm_resource_group.avengers_group"
          ]
        }
      ]
    }
  ],
  "check_results": null
}
